<Solution>
  <Folder Name="/Solution Files/">
    <File Path=".editorconfig" />
    <File Path="Directory.Build.props" />
    <File Path="Directory.Packages.props" />
    <File Path="global.json" />
    <File Path="NuGet.config" />
    <File Path="README.md" />
  </Folder>
  <Folder Name="/src/" />
  <Folder Name="/src/Orchestration/">
    <Project Path="src/ZeroTrustOAuth.AppHost/ZeroTrustOAuth.AppHost.csproj" />
  </Folder>
</Solution>
